PODS:
  - Flutter (1.0.0)
  - flutter_app_badger (0.0.1):
    - Flutter
  - JCore (2.0.0)
  - JPush (3.2.0):
    - JCore (< 3.0.0, >= 2.0.0)
  - jpush_flutter (0.0.2):
    - Flutter
    - JPush

DEPENDENCIES:
  - Flutter (from `Flutter`)
  - flutter_app_badger (from `.symlinks/plugins/flutter_app_badger/ios`)
  - jpush_flutter (from `.symlinks/plugins/jpush_flutter/ios`)

SPEC REPOS:
  https://github.com/CocoaPods/Specs.git:
    - JCore
    - JPush

EXTERNAL SOURCES:
  Flutter:
    :path: Flutter
  flutter_app_badger:
    :path: ".symlinks/plugins/flutter_app_badger/ios"
  jpush_flutter:
    :path: ".symlinks/plugins/jpush_flutter/ios"

SPEC CHECKSUMS:
  Flutter: 0e3d915762c693b495b44d77113d4970485de6ec
  flutter_app_badger: 65de4d6f0c34a891df49e6cfb8a1c0496426fa68
  JCore: b962a2a1a61dc911ce5e79ba3ff21a95edaf5d23
  JPush: 8459e7a709ad86f95884fcb49cbd57a6da24744e
  jpush_flutter: d7e3a79466eb9447fd940233f02661b514f137c6

PODFILE CHECKSUM: 1b66dae606f75376c5f2135a8290850eeb09ae83

COCOAPODS: 1.9.0
